Microsoft Visual Studio Solution File, Format Version 12.00
# Visual Studio Version 17
VisualStudioVersion = 17.5.2.0
MinimumVisualStudioVersion = 10.0.40219.1
Project("{FAE04EC0-301F-11D3-BF4B-00C04F79EFBC}") = "Dart-game", "Dart-game.csproj", "{DBAE0938-EF7E-46F3-E87B-996196558118}"
EndProject
Global
	GlobalSection(SolutionConfigurationPlatforms) = preSolution
		Debug|Any CPU = Debug|Any CPU
		Release|Any CPU = Release|Any CPU
	EndGlobalSection
	GlobalSection(ProjectConfigurationPlatforms) = postSolution
		{DBAE0938-EF7E-46F3-E87B-996196558118}.Debug|Any CPU.ActiveCfg = Debug|Any CPU
		{DBAE0938-EF7E-46F3-E87B-996196558118}.Debug|Any CPU.Build.0 = Debug|Any CPU
		{DBAE0938-EF7E-46F3-E87B-996196558118}.Release|Any CPU.ActiveCfg = Release|Any CPU
		{DBAE0938-EF7E-46F3-E87B-996196558118}.Release|Any CPU.Build.0 = Release|Any CPU
	EndGlobalSection
	GlobalSection(SolutionProperties) = preSolution
		HideSolutionNode = FALSE
	EndGlobalSection
	GlobalSection(ExtensibilityGlobals) = postSolution
		SolutionGuid = {552642A0-0E69-4310-987F-647739824187}
	EndGlobalSection
EndGlobal
